Microsoft Visual Studio Solution File, Format Version 12.00
# Visual Studio 15
VisualStudioVersion = 15.0.26730.16
MinimumVisualStudioVersion = 10.0.40219.1
Project("{2150E333-8FDC-42A3-9474-1A3956D46DE8}") = "Domain", "Domain", "{65D59FD7-12EB-4EC5-BFD7-ABF4FAFE3665}"
EndProject
Project("{2150E333-8FDC-42A3-9474-1A3956D46DE8}") = "Framework", "Framework", "{C58C2DC6-76A6-4092-ACD6-46DD6BBB9661}"
EndProject
Project("{2150E333-8FDC-42A3-9474-1A3956D46DE8}") = "Models", "Models", "{C3CB3E3C-60A2-44E8-B22B-20CAC1D7CDF7}"
EndProject
Project("{2150E333-8FDC-42A3-9474-1A3956D46DE8}") = "Web", "Web", "{5E82E798-7E7F-48AF-A134-3B4D45DB1430}"
EndProject
Project("{FAE04EC0-301F-11D3-BF4B-00C04F79EFBC}") = "RedSheet.BoundedContext", "RedSheet.BoundedContext\RedSheet.BoundedContext.csproj", "{C95FEF46-C48B-42E9-A0F6-D7EF4FE0CFDD}"
EndProject
Project("{FAE04EC0-301F-11D3-BF4B-00C04F79EFBC}") = "RedSheet.Domain", "RedSheet.Domain\RedSheet.Domain.csproj", "{63F6C81D-B3F8-4BF2-9925-0948E97EF673}"
EndProject
Project("{FAE04EC0-301F-11D3-BF4B-00C04F79EFBC}") = "RedSheet.UnitOfWork", "RedSheet.UnitOfWork\RedSheet.UnitOfWork.csproj", "{6C268ACA-E8DB-48CE-B6DE-F9A1FB72C21A}"
EndProject
Project("{FAE04EC0-301F-11D3-BF4B-00C04F79EFBC}") = "RedSheet.Infrastructure", "RedSheet.Infrastructure\RedSheet.Infrastructure.csproj", "{B975A758-1C6A-418C-A1A3-DC95D73D8C87}"
EndProject
Project("{FAE04EC0-301F-11D3-BF4B-00C04F79EFBC}") = "RedSheet.DbEntities", "RedSheet.DbEntities\RedSheet.DbEntities.csproj", "{2613C77E-846C-45B7-A55D-D86119329FC5}"
EndProject
Project("{FAE04EC0-301F-11D3-BF4B-00C04F79EFBC}") = "RedSheet.Models", "RedSheet.Models\RedSheet.Models.csproj", "{C77AF475-DCB2-4226-9744-7EF62B506679}"
EndProject
Project("{9A19103F-16F7-4668-BE54-9A1E7A4F7556}") = "RedSheet.Api", "RedSheet.Api\RedSheet.Api.csproj", "{5D724760-9B33-438B-8CF2-1283878B2C4E}"
EndProject
Project("{2150E333-8FDC-42A3-9474-1A3956D46DE8}") = "EmailService", "EmailService", "{5992E790-EA19-4BE3-8177-B2CF69D40437}"
EndProject
Project("{FAE04EC0-301F-11D3-BF4B-00C04F79EFBC}") = "RedSheet.Console", "RedSheet.Console\RedSheet.Console.csproj", "{A6B03D90-2F43-49C4-9077-C66D5A9E52E7}"
EndProject
Project("{FAE04EC0-301F-11D3-BF4B-00C04F79EFBC}") = "Redsheet.Service", "Redsheet.Service\Redsheet.Service.csproj", "{4DC910C3-B43A-48A2-A8DF-EA173F7BC732}"
EndProject
Global
	GlobalSection(SolutionConfigurationPlatforms) = preSolution
		Debug|Any CPU = Debug|Any CPU
		Release|Any CPU = Release|Any CPU
	EndGlobalSection
	GlobalSection(ProjectConfigurationPlatforms) = postSolution
		{C95FEF46-C48B-42E9-A0F6-D7EF4FE0CFDD}.Debug|Any CPU.ActiveCfg = Debug|Any CPU
		{C95FEF46-C48B-42E9-A0F6-D7EF4FE0CFDD}.Debug|Any CPU.Build.0 = Debug|Any CPU
		{C95FEF46-C48B-42E9-A0F6-D7EF4FE0CFDD}.Release|Any CPU.ActiveCfg = Release|Any CPU
		{C95FEF46-C48B-42E9-A0F6-D7EF4FE0CFDD}.Release|Any CPU.Build.0 = Release|Any CPU
		{63F6C81D-B3F8-4BF2-9925-0948E97EF673}.Debug|Any CPU.ActiveCfg = Debug|Any CPU
		{63F6C81D-B3F8-4BF2-9925-0948E97EF673}.Debug|Any CPU.Build.0 = Debug|Any CPU
		{63F6C81D-B3F8-4BF2-9925-0948E97EF673}.Release|Any CPU.ActiveCfg = Release|Any CPU
		{63F6C81D-B3F8-4BF2-9925-0948E97EF673}.Release|Any CPU.Build.0 = Release|Any CPU
		{6C268ACA-E8DB-48CE-B6DE-F9A1FB72C21A}.Debug|Any CPU.ActiveCfg = Debug|Any CPU
		{6C268ACA-E8DB-48CE-B6DE-F9A1FB72C21A}.Debug|Any CPU.Build.0 = Debug|Any CPU
		{6C268ACA-E8DB-48CE-B6DE-F9A1FB72C21A}.Release|Any CPU.ActiveCfg = Release|Any CPU
		{6C268ACA-E8DB-48CE-B6DE-F9A1FB72C21A}.Release|Any CPU.Build.0 = Release|Any CPU
		{B975A758-1C6A-418C-A1A3-DC95D73D8C87}.Debug|Any CPU.ActiveCfg = Debug|Any CPU
		{B975A758-1C6A-418C-A1A3-DC95D73D8C87}.Debug|Any CPU.Build.0 = Debug|Any CPU
		{B975A758-1C6A-418C-A1A3-DC95D73D8C87}.Release|Any CPU.ActiveCfg = Release|Any CPU
		{B975A758-1C6A-418C-A1A3-DC95D73D8C87}.Release|Any CPU.Build.0 = Release|Any CPU
		{2613C77E-846C-45B7-A55D-D86119329FC5}.Debug|Any CPU.ActiveCfg = Debug|Any CPU
		{2613C77E-846C-45B7-A55D-D86119329FC5}.Debug|Any CPU.Build.0 = Debug|Any CPU
		{2613C77E-846C-45B7-A55D-D86119329FC5}.Release|Any CPU.ActiveCfg = Release|Any CPU
		{2613C77E-846C-45B7-A55D-D86119329FC5}.Release|Any CPU.Build.0 = Release|Any CPU
		{C77AF475-DCB2-4226-9744-7EF62B506679}.Debug|Any CPU.ActiveCfg = Debug|Any CPU
		{C77AF475-DCB2-4226-9744-7EF62B506679}.Debug|Any CPU.Build.0 = Debug|Any CPU
		{C77AF475-DCB2-4226-9744-7EF62B506679}.Release|Any CPU.ActiveCfg = Release|Any CPU
		{C77AF475-DCB2-4226-9744-7EF62B506679}.Release|Any CPU.Build.0 = Release|Any CPU
		{5D724760-9B33-438B-8CF2-1283878B2C4E}.Debug|Any CPU.ActiveCfg = Debug|Any CPU
		{5D724760-9B33-438B-8CF2-1283878B2C4E}.Debug|Any CPU.Build.0 = Debug|Any CPU
		{5D724760-9B33-438B-8CF2-1283878B2C4E}.Release|Any CPU.ActiveCfg = Release|Any CPU
		{5D724760-9B33-438B-8CF2-1283878B2C4E}.Release|Any CPU.Build.0 = Release|Any CPU
		{A6B03D90-2F43-49C4-9077-C66D5A9E52E7}.Debug|Any CPU.ActiveCfg = Debug|Any CPU
		{A6B03D90-2F43-49C4-9077-C66D5A9E52E7}.Debug|Any CPU.Build.0 = Debug|Any CPU
		{A6B03D90-2F43-49C4-9077-C66D5A9E52E7}.Release|Any CPU.ActiveCfg = Release|Any CPU
		{A6B03D90-2F43-49C4-9077-C66D5A9E52E7}.Release|Any CPU.Build.0 = Release|Any CPU
		{4DC910C3-B43A-48A2-A8DF-EA173F7BC732}.Debug|Any CPU.ActiveCfg = Debug|Any CPU
		{4DC910C3-B43A-48A2-A8DF-EA173F7BC732}.Debug|Any CPU.Build.0 = Debug|Any CPU
		{4DC910C3-B43A-48A2-A8DF-EA173F7BC732}.Release|Any CPU.ActiveCfg = Release|Any CPU
		{4DC910C3-B43A-48A2-A8DF-EA173F7BC732}.Release|Any CPU.Build.0 = Release|Any CPU
	EndGlobalSection
	GlobalSection(SolutionProperties) = preSolution
		HideSolutionNode = FALSE
	EndGlobalSection
	GlobalSection(NestedProjects) = preSolution
		{C95FEF46-C48B-42E9-A0F6-D7EF4FE0CFDD} = {65D59FD7-12EB-4EC5-BFD7-ABF4FAFE3665}
		{63F6C81D-B3F8-4BF2-9925-0948E97EF673} = {65D59FD7-12EB-4EC5-BFD7-ABF4FAFE3665}
		{6C268ACA-E8DB-48CE-B6DE-F9A1FB72C21A} = {65D59FD7-12EB-4EC5-BFD7-ABF4FAFE3665}
		{B975A758-1C6A-418C-A1A3-DC95D73D8C87} = {C58C2DC6-76A6-4092-ACD6-46DD6BBB9661}
		{2613C77E-846C-45B7-A55D-D86119329FC5} = {C3CB3E3C-60A2-44E8-B22B-20CAC1D7CDF7}
		{C77AF475-DCB2-4226-9744-7EF62B506679} = {C3CB3E3C-60A2-44E8-B22B-20CAC1D7CDF7}
		{5D724760-9B33-438B-8CF2-1283878B2C4E} = {5E82E798-7E7F-48AF-A134-3B4D45DB1430}
		{A6B03D90-2F43-49C4-9077-C66D5A9E52E7} = {5992E790-EA19-4BE3-8177-B2CF69D40437}
		{4DC910C3-B43A-48A2-A8DF-EA173F7BC732} = {5992E790-EA19-4BE3-8177-B2CF69D40437}
	EndGlobalSection
	GlobalSection(ExtensibilityGlobals) = postSolution
		SolutionGuid = {72C8C8AA-7EAB-4844-88B7-B8C5BBF12D24}
	EndGlobalSection
EndGlobal
